
Microsoft Visual Studio Solution File, Format Version 12.00
# Visual Studio Version 17
VisualStudioVersion = 17.11.35327.3
MinimumVisualStudioVersion = 10.0.40219.1
Project("{FAE04EC0-301F-11D3-BF4B-00C04F79EFBC}") = "Lab Assignment_3", "Lab Assignment_3\Lab Assignment_3.csproj", "{1CA8929A-D935-4A75-8BC3-9727186046E1}"
EndProject
Global
	GlobalSection(SolutionConfigurationPlatforms) = preSolution
		Debug|Any CPU = Debug|Any CPU
		Release|Any CPU = Release|Any CPU
	EndGlobalSection
	GlobalSection(ProjectConfigurationPlatforms) = postSolution
		{1CA8929A-D935-4A75-8BC3-9727186046E1}.Debug|Any CPU.ActiveCfg = Debug|Any CPU
		{1CA8929A-D935-4A75-8BC3-9727186046E1}.Debug|Any CPU.Build.0 = Debug|Any CPU
		{1CA8929A-D935-4A75-8BC3-9727186046E1}.Release|Any CPU.ActiveCfg = Release|Any CPU
		{1CA8929A-D935-4A75-8BC3-9727186046E1}.Release|Any CPU.Build.0 = Release|Any CPU
	EndGlobalSection
	GlobalSection(SolutionProperties) = preSolution
		HideSolutionNode = FALSE
	EndGlobalSection
	GlobalSection(ExtensibilityGlobals) = postSolution
		SolutionGuid = {16D53C07-1124-409B-A852-E3104007B01C}
	EndGlobalSection
EndGlobal
